// !$*UTF8*$!
{
	archiveVersion = 1;
	classes = {
	};
	objectVersion = 46;
	objects = {

/* Begin PBXBuildFile section */
		055061E71C023D0D009462D9 /* ImageRequest.swift in Sources */ = {isa = PBXBuildFile; fileRef = 055061E61C023D0D009462D9 /* ImageRequest.swift */; };
		055061E91C023DB4009462D9 /* MatisseContext.swift in Sources */ = {isa = PBXBuildFile; fileRef = 055061E81C023DB4009462D9 /* MatisseContext.swift */; };
		0595C9631C8ACC3F000B3A87 /* FPSCounter.framework in Frameworks */ = {isa = PBXBuildFile; fileRef = 0595C9621C8ACC3F000B3A87 /* FPSCounter.framework */; };
		0595C9661C8ACD0A000B3A87 /* Nimble.framework in Frameworks */ = {isa = PBXBuildFile; fileRef = 0595C9651C8ACD0A000B3A87 /* Nimble.framework */; };
		0595C9681C8ACDDA000B3A87 /* Nimble.framework in Copy Frameworks */ = {isa = PBXBuildFile; fileRef = 0595C9651C8ACD0A000B3A87 /* Nimble.framework */; settings = {ATTRIBUTES = (CodeSignOnCopy, RemoveHeadersOnCopy, ); }; };
		05A7916B1C02484D00A65E7B /* ImageCell.swift in Sources */ = {isa = PBXBuildFile; fileRef = 05A7916A1C02484D00A65E7B /* ImageCell.swift */; };
		05A7917A1C025D0900A65E7B /* ImageLoader.swift in Sources */ = {isa = PBXBuildFile; fileRef = 05A791791C025D0900A65E7B /* ImageLoader.swift */; };
		05A791801C0273F500A65E7B /* ImageTransformation.swift in Sources */ = {isa = PBXBuildFile; fileRef = 05A7917F1C0273F500A65E7B /* ImageTransformation.swift */; };
		05A791821C0274E900A65E7B /* ResizeTransformation.swift in Sources */ = {isa = PBXBuildFile; fileRef = 05A791811C0274E900A65E7B /* ResizeTransformation.swift */; };
		05A791851C033A4300A65E7B /* Matisse.framework in Embed Frameworks */ = {isa = PBXBuildFile; fileRef = 05F50C321C022E2500859782 /* Matisse.framework */; settings = {ATTRIBUTES = (CodeSignOnCopy, RemoveHeadersOnCopy, ); }; };
		05B47A931C1C2C760042FE21 /* Matisse.swift in Sources */ = {isa = PBXBuildFile; fileRef = 05B47A921C1C2C760042FE21 /* Matisse.swift */; };
		05B47A961C1C35A80042FE21 /* UIImageView+ImageRequestTarget.swift in Sources */ = {isa = PBXBuildFile; fileRef = 05B47A951C1C35A80042FE21 /* UIImageView+ImageRequestTarget.swift */; };
		05B47A981C1C36660042FE21 /* ImageRequestTarget.swift in Sources */ = {isa = PBXBuildFile; fileRef = 05B47A971C1C36660042FE21 /* ImageRequestTarget.swift */; };
		05C34DDC1C04E79600E0AEC8 /* CoalescingTaskQueue.swift in Sources */ = {isa = PBXBuildFile; fileRef = 05C34DDB1C04E79600E0AEC8 /* CoalescingTaskQueue.swift */; };
		05C34DDF1C07140A00E0AEC8 /* CoalescingTaskQueueTests.swift in Sources */ = {isa = PBXBuildFile; fileRef = 05C34DDE1C07140A00E0AEC8 /* CoalescingTaskQueueTests.swift */; };
		05DBCFD81C09F565009C0CC0 /* ImageCache.swift in Sources */ = {isa = PBXBuildFile; fileRef = 05DBCFD71C09F565009C0CC0 /* ImageCache.swift */; };
		05DBCFDB1C09F752009C0CC0 /* MemoryImageCache.swift in Sources */ = {isa = PBXBuildFile; fileRef = 05DBCFDA1C09F752009C0CC0 /* MemoryImageCache.swift */; };
		05DBCFDE1C0A0420009C0CC0 /* ImageRequestHandler.swift in Sources */ = {isa = PBXBuildFile; fileRef = 05DBCFDD1C0A0420009C0CC0 /* ImageRequestHandler.swift */; };
		05DBCFE01C0A0563009C0CC0 /* DefaultImageRequestHandler.swift in Sources */ = {isa = PBXBuildFile; fileRef = 05DBCFDF1C0A0563009C0CC0 /* DefaultImageRequestHandler.swift */; };
		05DBCFE41C0AD897009C0CC0 /* ImageRequestBuilder.swift in Sources */ = {isa = PBXBuildFile; fileRef = 05DBCFE31C0AD897009C0CC0 /* ImageRequestBuilder.swift */; };
		05DBCFE91C0AF6C5009C0CC0 /* DefaultImageLoader.swift in Sources */ = {isa = PBXBuildFile; fileRef = 05DBCFE81C0AF6C5009C0CC0 /* DefaultImageLoader.swift */; };
		05DBCFEB1C0AFDB1009C0CC0 /* MatisseErrors.swift in Sources */ = {isa = PBXBuildFile; fileRef = 05DBCFEA1C0AFDB1009C0CC0 /* MatisseErrors.swift */; };
		05DBCFED1C0B015C009C0CC0 /* DefaultImageCreator.swift in Sources */ = {isa = PBXBuildFile; fileRef = 05DBCFEC1C0B015C009C0CC0 /* DefaultImageCreator.swift */; };
		05DBCFEF1C0B0744009C0CC0 /* DiskImageCache.swift in Sources */ = {isa = PBXBuildFile; fileRef = 05DBCFEE1C0B0744009C0CC0 /* DiskImageCache.swift */; };
		05DBCFF21C0B122B009C0CC0 /* NSString+MD5.h in Headers */ = {isa = PBXBuildFile; fileRef = 05DBCFF01C0B122B009C0CC0 /* NSString+MD5.h */; settings = {ATTRIBUTES = (Public, ); }; };
		05DBCFF31C0B122B009C0CC0 /* NSString+MD5.m in Sources */ = {isa = PBXBuildFile; fileRef = 05DBCFF11C0B122B009C0CC0 /* NSString+MD5.m */; };
		05F50C361C022E2500859782 /* Matisse.h in Headers */ = {isa = PBXBuildFile; fileRef = 05F50C351C022E2500859782 /* Matisse.h */; settings = {ATTRIBUTES = (Public, ); }; };
		05F50C3D1C022E2600859782 /* Matisse.framework in Frameworks */ = {isa = PBXBuildFile; fileRef = 05F50C321C022E2500859782 /* Matisse.framework */; };
		05F50C421C022E2600859782 /* MatisseContextTests.swift in Sources */ = {isa = PBXBuildFile; fileRef = 05F50C411C022E2600859782 /* MatisseContextTests.swift */; };
		05F50C531C0230D600859782 /* AppDelegate.swift in Sources */ = {isa = PBXBuildFile; fileRef = 05F50C521C0230D600859782 /* AppDelegate.swift */; };
		05F50C551C0230D600859782 /* MainViewController.swift in Sources */ = {isa = PBXBuildFile; fileRef = 05F50C541C0230D600859782 /* MainViewController.swift */; };
		05F50C581C0230D600859782 /* Main.storyboard in Resources */ = {isa = PBXBuildFile; fileRef = 05F50C561C0230D600859782 /* Main.storyboard */; };
		05F50C5A1C0230D600859782 /* Assets.xcassets in Resources */ = {isa = PBXBuildFile; fileRef = 05F50C591C0230D600859782 /* Assets.xcassets */; };
		05F50C5D1C0230D600859782 /* LaunchScreen.storyboard in Resources */ = {isa = PBXBuildFile; fileRef = 05F50C5B1C0230D600859782 /* LaunchScreen.storyboard */; };
		05F50C621C02312900859782 /* Matisse.framework in Frameworks */ = {isa = PBXBuildFile; fileRef = 05F50C321C022E2500859782 /* Matisse.framework */; };
/* End PBXBuildFile section */

/* Begin PBXContainerItemProxy section */
		05A791721C024C1F00A65E7B /* PBXContainerItemProxy */ = {
			isa = PBXContainerItemProxy;
			containerPortal = 05F50C291C022E2500859782 /* Project object */;
			proxyType = 1;
			remoteGlobalIDString = 05F50C311C022E2500859782;
			remoteInfo = Matisse;
		};
		05F50C3E1C022E2600859782 /* PBXContainerItemProxy */ = {
			isa = PBXContainerItemProxy;
			containerPortal = 05F50C291C022E2500859782 /* Project object */;
			proxyType = 1;
			remoteGlobalIDString = 05F50C311C022E2500859782;
			remoteInfo = Matisse;
		};
/* End PBXContainerItemProxy section */

/* Begin PBXCopyFilesBuildPhase section */
		0595C9671C8ACDCE000B3A87 /* Copy Frameworks */ = {
			isa = PBXCopyFilesBuildPhase;
			buildActionMask = 2147483647;
			dstPath = "";
			dstSubfolderSpec = 10;
			files = (
				0595C9681C8ACDDA000B3A87 /* Nimble.framework in Copy Frameworks */,
			);
			name = "Copy Frameworks";
			runOnlyForDeploymentPostprocessing = 0;
		};
		05A791841C033A2C00A65E7B /* Embed Frameworks */ = {
			isa = PBXCopyFilesBuildPhase;
			buildActionMask = 2147483647;
			dstPath = "";
			dstSubfolderSpec = 10;
			files = (
				05A791851C033A4300A65E7B /* Matisse.framework in Embed Frameworks */,
			);
			name = "Embed Frameworks";
			runOnlyForDeploymentPostprocessing = 0;
		};
/* End PBXCopyFilesBuildPhase section */

/* Begin PBXFileReference section */
		0537FFED1E1BEDB5003E4765 /* .swiftlint.yml */ = {isa = PBXFileReference; lastKnownFileType = text; path = .swiftlint.yml; sourceTree = "<group>"; };
		055061E61C023D0D009462D9 /* ImageRequest.swift */ = {isa = PBXFileReference; fileEncoding = 4; lastKnownFileType = sourcecode.swift; path = ImageRequest.swift; sourceTree = "<group>"; };
		055061E81C023DB4009462D9 /* MatisseContext.swift */ = {isa = PBXFileReference; fileEncoding = 4; lastKnownFileType = sourcecode.swift; path = MatisseContext.swift; sourceTree = "<group>"; };
		0595C9621C8ACC3F000B3A87 /* FPSCounter.framework */ = {isa = PBXFileReference; lastKnownFileType = wrapper.framework; name = FPSCounter.framework; path = Carthage/Build/iOS/FPSCounter.framework; sourceTree = "<group>"; };
		0595C9651C8ACD0A000B3A87 /* Nimble.framework */ = {isa = PBXFileReference; lastKnownFileType = wrapper.framework; name = Nimble.framework; path = Carthage/Build/iOS/Nimble.framework; sourceTree = "<group>"; };
		0595C9691C8ACF96000B3A87 /* Matisse.podspec */ = {isa = PBXFileReference; lastKnownFileType = text; path = Matisse.podspec; sourceTree = "<group>"; };
		05A7916A1C02484D00A65E7B /* ImageCell.swift */ = {isa = PBXFileReference; fileEncoding = 4; lastKnownFileType = sourcecode.swift; path = ImageCell.swift; sourceTree = "<group>"; };
		05A791791C025D0900A65E7B /* ImageLoader.swift */ = {isa = PBXFileReference; fileEncoding = 4; lastKnownFileType = sourcecode.swift; path = ImageLoader.swift; sourceTree = "<group>"; };
		05A7917F1C0273F500A65E7B /* ImageTransformation.swift */ = {isa = PBXFileReference; fileEncoding = 4; lastKnownFileType = sourcecode.swift; path = ImageTransformation.swift; sourceTree = "<group>"; };
		05A791811C0274E900A65E7B /* ResizeTransformation.swift */ = {isa = PBXFileReference; fileEncoding = 4; lastKnownFileType = sourcecode.swift; path = ResizeTransformation.swift; sourceTree = "<group>"; };
		05B47A921C1C2C760042FE21 /* Matisse.swift */ = {isa = PBXFileReference; fileEncoding = 4; lastKnownFileType = sourcecode.swift; path = Matisse.swift; sourceTree = "<group>"; };
		05B47A951C1C35A80042FE21 /* UIImageView+ImageRequestTarget.swift */ = {isa = PBXFileReference; fileEncoding = 4; lastKnownFileType = sourcecode.swift; path = "UIImageView+ImageRequestTarget.swift"; sourceTree = "<group>"; };
		05B47A971C1C36660042FE21 /* ImageRequestTarget.swift */ = {isa = PBXFileReference; fileEncoding = 4; lastKnownFileType = sourcecode.swift; path = ImageRequestTarget.swift; sourceTree = "<group>"; };
		05C34DDB1C04E79600E0AEC8 /* CoalescingTaskQueue.swift */ = {isa = PBXFileReference; fileEncoding = 4; lastKnownFileType = sourcecode.swift; path = CoalescingTaskQueue.swift; sourceTree = "<group>"; };
		05C34DDE1C07140A00E0AEC8 /* CoalescingTaskQueueTests.swift */ = {isa = PBXFileReference; fileEncoding = 4; lastKnownFileType = sourcecode.swift; path = CoalescingTaskQueueTests.swift; sourceTree = "<group>"; };
		05DBCFD71C09F565009C0CC0 /* ImageCache.swift */ = {isa = PBXFileReference; fileEncoding = 4; lastKnownFileType = sourcecode.swift; path = ImageCache.swift; sourceTree = "<group>"; };
		05DBCFDA1C09F752009C0CC0 /* MemoryImageCache.swift */ = {isa = PBXFileReference; fileEncoding = 4; lastKnownFileType = sourcecode.swift; path = MemoryImageCache.swift; sourceTree = "<group>"; };
		05DBCFDD1C0A0420009C0CC0 /* ImageRequestHandler.swift */ = {isa = PBXFileReference; fileEncoding = 4; lastKnownFileType = sourcecode.swift; path = ImageRequestHandler.swift; sourceTree = "<group>"; };
		05DBCFDF1C0A0563009C0CC0 /* DefaultImageRequestHandler.swift */ = {isa = PBXFileReference; fileEncoding = 4; lastKnownFileType = sourcecode.swift; path = DefaultImageRequestHandler.swift; sourceTree = "<group>"; };
		05DBCFE31C0AD897009C0CC0 /* ImageRequestBuilder.swift */ = {isa = PBXFileReference; fileEncoding = 4; lastKnownFileType = sourcecode.swift; path = ImageRequestBuilder.swift; sourceTree = "<group>"; };
		05DBCFE81C0AF6C5009C0CC0 /* DefaultImageLoader.swift */ = {isa = PBXFileReference; fileEncoding = 4; lastKnownFileType = sourcecode.swift; path = DefaultImageLoader.swift; sourceTree = "<group>"; };
		05DBCFEA1C0AFDB1009C0CC0 /* MatisseErrors.swift */ = {isa = PBXFileReference; fileEncoding = 4; lastKnownFileType = sourcecode.swift; path = MatisseErrors.swift; sourceTree = "<group>"; };
		05DBCFEC1C0B015C009C0CC0 /* DefaultImageCreator.swift */ = {isa = PBXFileReference; fileEncoding = 4; lastKnownFileType = sourcecode.swift; path = DefaultImageCreator.swift; sourceTree = "<group>"; };
		05DBCFEE1C0B0744009C0CC0 /* DiskImageCache.swift */ = {isa = PBXFileReference; fileEncoding = 4; lastKnownFileType = sourcecode.swift; path = DiskImageCache.swift; sourceTree = "<group>"; };
		05DBCFF01C0B122B009C0CC0 /* NSString+MD5.h */ = {isa = PBXFileReference; fileEncoding = 4; lastKnownFileType = sourcecode.c.h; path = "NSString+MD5.h"; sourceTree = "<group>"; };
		05DBCFF11C0B122B009C0CC0 /* NSString+MD5.m */ = {isa = PBXFileReference; fileEncoding = 4; lastKnownFileType = sourcecode.c.objc; path = "NSString+MD5.m"; sourceTree = "<group>"; };
		05EE06541C14434E004A0008 /* Readme.md */ = {isa = PBXFileReference; lastKnownFileType = net.daringfireball.markdown; path = Readme.md; sourceTree = "<group>"; };
		05F50C321C022E2500859782 /* Matisse.framework */ = {isa = PBXFileReference; explicitFileType = wrapper.framework; includeInIndex = 0; path = Matisse.framework; sourceTree = BUILT_PRODUCTS_DIR; };
		05F50C351C022E2500859782 /* Matisse.h */ = {isa = PBXFileReference; lastKnownFileType = sourcecode.c.h; path = Matisse.h; sourceTree = "<group>"; };
		05F50C371C022E2500859782 /* Info.plist */ = {isa = PBXFileReference; lastKnownFileType = text.plist.xml; path = Info.plist; sourceTree = "<group>"; };
		05F50C3C1C022E2600859782 /* UnitTests.xctest */ = {isa = PBXFileReference; explicitFileType = wrapper.cfbundle; includeInIndex = 0; path = UnitTests.xctest; sourceTree = BUILT_PRODUCTS_DIR; };
		05F50C411C022E2600859782 /* MatisseContextTests.swift */ = {isa = PBXFileReference; lastKnownFileType = sourcecode.swift; path = MatisseContextTests.swift; sourceTree = "<group>"; };
		05F50C431C022E2600859782 /* Info.plist */ = {isa = PBXFileReference; lastKnownFileType = text.plist.xml; path = Info.plist; sourceTree = "<group>"; };
		05F50C501C0230D500859782 /* Matisse Sample.app */ = {isa = PBXFileReference; explicitFileType = wrapper.application; includeInIndex = 0; path = "Matisse Sample.app"; sourceTree = BUILT_PRODUCTS_DIR; };
		05F50C521C0230D600859782 /* AppDelegate.swift */ = {isa = PBXFileReference; lastKnownFileType = sourcecode.swift; path = AppDelegate.swift; sourceTree = "<group>"; };
		05F50C541C0230D600859782 /* MainViewController.swift */ = {isa = PBXFileReference; lastKnownFileType = sourcecode.swift; path = MainViewController.swift; sourceTree = "<group>"; };
		05F50C571C0230D600859782 /* Base */ = {isa = PBXFileReference; lastKnownFileType = file.storyboard; name = Base; path = Base.lproj/Main.storyboard; sourceTree = "<group>"; };
		05F50C591C0230D600859782 /* Assets.xcassets */ = {isa = PBXFileReference; lastKnownFileType = folder.assetcatalog; path = Assets.xcassets; sourceTree = "<group>"; };
		05F50C5C1C0230D600859782 /* Base */ = {isa = PBXFileReference; lastKnownFileType = file.storyboard; name = Base; path = Base.lproj/LaunchScreen.storyboard; sourceTree = "<group>"; };
		05F50C5E1C0230D600859782 /* Info.plist */ = {isa = PBXFileReference; lastKnownFileType = text.plist.xml; path = Info.plist; sourceTree = "<group>"; };
/* End PBXFileReference section */

/* Begin PBXFrameworksBuildPhase section */
		05F50C2E1C022E2500859782 /* Frameworks */ = {
			isa = PBXFrameworksBuildPhase;
			buildActionMask = 2147483647;
			files = (
			);
			runOnlyForDeploymentPostprocessing = 0;
		};
		05F50C391C022E2600859782 /* Frameworks */ = {
			isa = PBXFrameworksBuildPhase;
			buildActionMask = 2147483647;
			files = (
				05F50C3D1C022E2600859782 /* Matisse.framework in Frameworks */,
				0595C9661C8ACD0A000B3A87 /* Nimble.framework in Frameworks */,
			);
			runOnlyForDeploymentPostprocessing = 0;
		};
		05F50C4D1C0230D500859782 /* Frameworks */ = {
			isa = PBXFrameworksBuildPhase;
			buildActionMask = 2147483647;
			files = (
				05F50C621C02312900859782 /* Matisse.framework in Frameworks */,
				0595C9631C8ACC3F000B3A87 /* FPSCounter.framework in Frameworks */,
			);
			runOnlyForDeploymentPostprocessing = 0;
		};
/* End PBXFrameworksBuildPhase section */

/* Begin PBXGroup section */
		05A7916C1C0249C100A65E7B /* Core */ = {
			isa = PBXGroup;
			children = (
				05B47A921C1C2C760042FE21 /* Matisse.swift */,
				055061E81C023DB4009462D9 /* MatisseContext.swift */,
				05DBCFE31C0AD897009C0CC0 /* ImageRequestBuilder.swift */,
				055061E61C023D0D009462D9 /* ImageRequest.swift */,
				05B47A971C1C36660042FE21 /* ImageRequestTarget.swift */,
				05DBCFDD1C0A0420009C0CC0 /* ImageRequestHandler.swift */,
				05A791791C025D0900A65E7B /* ImageLoader.swift */,
				05DBCFD71C09F565009C0CC0 /* ImageCache.swift */,
				05A7917F1C0273F500A65E7B /* ImageTransformation.swift */,
			);
			name = Core;
			sourceTree = "<group>";
		};
		05A7917B1C026A1300A65E7B /* Util */ = {
			isa = PBXGroup;
			children = (
				05C34DDB1C04E79600E0AEC8 /* CoalescingTaskQueue.swift */,
				05DBCFEA1C0AFDB1009C0CC0 /* MatisseErrors.swift */,
				05DBCFF01C0B122B009C0CC0 /* NSString+MD5.h */,
				05DBCFF11C0B122B009C0CC0 /* NSString+MD5.m */,
			);
			name = Util;
			sourceTree = "<group>";
		};
		05B47A8B1C1C25B30042FE21 /* Built-Ins */ = {
			isa = PBXGroup;
			children = (
				05B47A8F1C1C26530042FE21 /* Request Handlers */,
				05B47A941C1C35840042FE21 /* Request Targets */,
				05B47A8E1C1C25ED0042FE21 /* Loaders */,
				05B47A8C1C1C25CE0042FE21 /* Caches */,
				05B47A8D1C1C25D30042FE21 /* Transformations */,
			);
			name = "Built-Ins";
			sourceTree = "<group>";
		};
		05B47A8C1C1C25CE0042FE21 /* Caches */ = {
			isa = PBXGroup;
			children = (
				05DBCFDA1C09F752009C0CC0 /* MemoryImageCache.swift */,
				05DBCFEE1C0B0744009C0CC0 /* DiskImageCache.swift */,
			);
			name = Caches;
			sourceTree = "<group>";
		};
		05B47A8D1C1C25D30042FE21 /* Transformations */ = {
			isa = PBXGroup;
			children = (
				05A791811C0274E900A65E7B /* ResizeTransformation.swift */,
			);
			name = Transformations;
			sourceTree = "<group>";
		};
		05B47A8E1C1C25ED0042FE21 /* Loaders */ = {
			isa = PBXGroup;
			children = (
				05DBCFE81C0AF6C5009C0CC0 /* DefaultImageLoader.swift */,
			);
			name = Loaders;
			sourceTree = "<group>";
		};
		05B47A8F1C1C26530042FE21 /* Request Handlers */ = {
			isa = PBXGroup;
			children = (
				05DBCFDF1C0A0563009C0CC0 /* DefaultImageRequestHandler.swift */,
				05DBCFEC1C0B015C009C0CC0 /* DefaultImageCreator.swift */,
			);
			name = "Request Handlers";
			sourceTree = "<group>";
		};
		05B47A941C1C35840042FE21 /* Request Targets */ = {
			isa = PBXGroup;
			children = (
				05B47A951C1C35A80042FE21 /* UIImageView+ImageRequestTarget.swift */,
			);
			name = "Request Targets";
			sourceTree = "<group>";
		};
		05F50C281C022E2500859782 = {
			isa = PBXGroup;
			children = (
				05EE06541C14434E004A0008 /* Readme.md */,
				0595C9691C8ACF96000B3A87 /* Matisse.podspec */,
				0537FFED1E1BEDB5003E4765 /* .swiftlint.yml */,
				05F50C341C022E2500859782 /* Sources */,
				05F50C401C022E2600859782 /* UnitTests */,
				05F50C511C0230D600859782 /* SampleApp */,
				05F50C331C022E2500859782 /* Products */,
				CBD48006834BCE90A91F38FA /* Frameworks */,
			);
			sourceTree = "<group>";
		};
		05F50C331C022E2500859782 /* Products */ = {
			isa = PBXGroup;
			children = (
				05F50C321C022E2500859782 /* Matisse.framework */,
				05F50C3C1C022E2600859782 /* UnitTests.xctest */,
				05F50C501C0230D500859782 /* Matisse Sample.app */,
			);
			name = Products;
			sourceTree = "<group>";
		};
		05F50C341C022E2500859782 /* Sources */ = {
			isa = PBXGroup;
			children = (
				05F50C371C022E2500859782 /* Info.plist */,
				05F50C351C022E2500859782 /* Matisse.h */,
				05A7916C1C0249C100A65E7B /* Core */,
				05B47A8B1C1C25B30042FE21 /* Built-Ins */,
				05A7917B1C026A1300A65E7B /* Util */,
			);
			path = Sources;
			sourceTree = "<group>";
		};
		05F50C401C022E2600859782 /* UnitTests */ = {
			isa = PBXGroup;
			children = (
				05F50C431C022E2600859782 /* Info.plist */,
				05F50C411C022E2600859782 /* MatisseContextTests.swift */,
				05C34DDE1C07140A00E0AEC8 /* CoalescingTaskQueueTests.swift */,
			);
			path = UnitTests;
			sourceTree = "<group>";
		};
		05F50C511C0230D600859782 /* SampleApp */ = {
			isa = PBXGroup;
			children = (
				05F50C5E1C0230D600859782 /* Info.plist */,
				05F50C591C0230D600859782 /* Assets.xcassets */,
				05F50C5B1C0230D600859782 /* LaunchScreen.storyboard */,
				05F50C561C0230D600859782 /* Main.storyboard */,
				05F50C521C0230D600859782 /* AppDelegate.swift */,
				05F50C541C0230D600859782 /* MainViewController.swift */,
				05A7916A1C02484D00A65E7B /* ImageCell.swift */,
			);
			path = SampleApp;
			sourceTree = "<group>";
		};
		CBD48006834BCE90A91F38FA /* Frameworks */ = {
			isa = PBXGroup;
			children = (
				0595C9651C8ACD0A000B3A87 /* Nimble.framework */,
				0595C9621C8ACC3F000B3A87 /* FPSCounter.framework */,
			);
			name = Frameworks;
			sourceTree = "<group>";
		};
/* End PBXGroup section */

/* Begin PBXHeadersBuildPhase section */
		05F50C2F1C022E2500859782 /* Headers */ = {
			isa = PBXHeadersBuildPhase;
			buildActionMask = 2147483647;
			files = (
				05F50C361C022E2500859782 /* Matisse.h in Headers */,
				05DBCFF21C0B122B009C0CC0 /* NSString+MD5.h in Headers */,
			);
			runOnlyForDeploymentPostprocessing = 0;
		};
/* End PBXHeadersBuildPhase section */

/* Begin PBXNativeTarget section */
		05F50C311C022E2500859782 /* Matisse */ = {
			isa = PBXNativeTarget;
			buildConfigurationList = 05F50C461C022E2600859782 /* Build configuration list for PBXNativeTarget "Matisse" */;
			buildPhases = (
				05A4F2571C1C71300044F72C /* Lint Swift Code */,
				05F50C2D1C022E2500859782 /* Sources */,
				05F50C2E1C022E2500859782 /* Frameworks */,
				05F50C2F1C022E2500859782 /* Headers */,
				05F50C301C022E2500859782 /* Resources */,
			);
			buildRules = (
			);
			dependencies = (
			);
			name = Matisse;
			productName = Matisse;
			productReference = 05F50C321C022E2500859782 /* Matisse.framework */;
			productType = "com.apple.product-type.framework";
		};
		05F50C3B1C022E2600859782 /* UnitTests */ = {
			isa = PBXNativeTarget;
			buildConfigurationList = 05F50C491C022E2600859782 /* Build configuration list for PBXNativeTarget "UnitTests" */;
			buildPhases = (
				05F50C381C022E2600859782 /* Sources */,
				05F50C391C022E2600859782 /* Frameworks */,
				05F50C3A1C022E2600859782 /* Resources */,
				0595C9671C8ACDCE000B3A87 /* Copy Frameworks */,
			);
			buildRules = (
			);
			dependencies = (
				05F50C3F1C022E2600859782 /* PBXTargetDependency */,
			);
			name = UnitTests;
			productName = MatisseTests;
			productReference = 05F50C3C1C022E2600859782 /* UnitTests.xctest */;
			productType = "com.apple.product-type.bundle.unit-test";
		};
		05F50C4F1C0230D500859782 /* SampleApp */ = {
			isa = PBXNativeTarget;
			buildConfigurationList = 05F50C5F1C0230D600859782 /* Build configuration list for PBXNativeTarget "SampleApp" */;
			buildPhases = (
				05F50C4C1C0230D500859782 /* Sources */,
				05F50C4D1C0230D500859782 /* Frameworks */,
				05F50C4E1C0230D500859782 /* Resources */,
				05A791841C033A2C00A65E7B /* Embed Frameworks */,
				0595C9641C8ACC64000B3A87 /* Copy Carthage Frameworks */,
			);
			buildRules = (
			);
			dependencies = (
				05A791731C024C1F00A65E7B /* PBXTargetDependency */,
			);
			name = SampleApp;
			productName = SampleApp;
			productReference = 05F50C501C0230D500859782 /* Matisse Sample.app */;
			productType = "com.apple.product-type.application";
		};
/* End PBXNativeTarget section */

/* Begin PBXProject section */
		05F50C291C022E2500859782 /* Project object */ = {
			isa = PBXProject;
			attributes = {
				LastSwiftUpdateCheck = 0720;
				LastUpgradeCheck = 1010;
				ORGANIZATIONNAME = "konoma GmbH";
				TargetAttributes = {
					05F50C311C022E2500859782 = {
						CreatedOnToolsVersion = 7.1;
						LastSwiftMigration = 0920;
					};
					05F50C3B1C022E2600859782 = {
						CreatedOnToolsVersion = 7.1;
						LastSwiftMigration = 0800;
					};
					05F50C4F1C0230D500859782 = {
						CreatedOnToolsVersion = 7.1;
						LastSwiftMigration = 0800;
					};
				};
			};
			buildConfigurationList = 05F50C2C1C022E2500859782 /* Build configuration list for PBXProject "Matisse" */;
			compatibilityVersion = "Xcode 3.2";
			developmentRegion = English;
			hasScannedForEncodings = 0;
			knownRegions = (
				en,
				Base,
			);
			mainGroup = 05F50C281C022E2500859782;
			productRefGroup = 05F50C331C022E2500859782 /* Products */;
			projectDirPath = "";
			projectRoot = "";
			targets = (
				05F50C311C022E2500859782 /* Matisse */,
				05F50C3B1C022E2600859782 /* UnitTests */,
				05F50C4F1C0230D500859782 /* SampleApp */,
			);
		};
/* End PBXProject section */

/* Begin PBXResourcesBuildPhase section */
		05F50C301C022E2500859782 /* Resources */ = {
			isa = PBXResourcesBuildPhase;
			buildActionMask = 2147483647;
			files = (
			);
			runOnlyForDeploymentPostprocessing = 0;
		};
		05F50C3A1C022E2600859782 /* Resources */ = {
			isa = PBXResourcesBuildPhase;
			buildActionMask = 2147483647;
			files = (
			);
			runOnlyForDeploymentPostprocessing = 0;
		};
		05F50C4E1C0230D500859782 /* Resources */ = {
			isa = PBXResourcesBuildPhase;
			buildActionMask = 2147483647;
			files = (
				05F50C5D1C0230D600859782 /* LaunchScreen.storyboard in Resources */,
				05F50C5A1C0230D600859782 /* Assets.xcassets in Resources */,
				05F50C581C0230D600859782 /* Main.storyboard in Resources */,
			);
			runOnlyForDeploymentPostprocessing = 0;
		};
/* End PBXResourcesBuildPhase section */

/* Begin PBXShellScriptBuildPhase section */
		0595C9641C8ACC64000B3A87 /* Copy Carthage Frameworks */ = {
			isa = PBXShellScriptBuildPhase;
			buildActionMask = 2147483647;
			files = (
			);
			inputPaths = (
				"$(SRCROOT)/Carthage/Build/iOS/FPSCounter.framework",
			);
			name = "Copy Carthage Frameworks";
			outputPaths = (
			);
			runOnlyForDeploymentPostprocessing = 0;
			shellPath = /bin/sh;
			shellScript = "/usr/local/bin/carthage copy-frameworks";
			showEnvVarsInLog = 0;
		};
		05A4F2571C1C71300044F72C /* Lint Swift Code */ = {
			isa = PBXShellScriptBuildPhase;
			buildActionMask = 2147483647;
			files = (
			);
			inputPaths = (
			);
			name = "Lint Swift Code";
			outputPaths = (
			);
			runOnlyForDeploymentPostprocessing = 0;
			shellPath = /bin/sh;
			shellScript = "if which swiftlint >/dev/null; then\n    swiftlint\nelse\n    echo \"SwiftLint does not exist, download from https://github.com/realm/SwiftLint\"\nfi";
			showEnvVarsInLog = 0;
		};
/* End PBXShellScriptBuildPhase section */

/* Begin PBXSourcesBuildPhase section */
		05F50C2D1C022E2500859782 /* Sources */ = {
			isa = PBXSourcesBuildPhase;
			buildActionMask = 2147483647;
			files = (
				05B47A961C1C35A80042FE21 /* UIImageView+ImageRequestTarget.swift in Sources */,
				05DBCFED1C0B015C009C0CC0 /* DefaultImageCreator.swift in Sources */,
				05DBCFEF1C0B0744009C0CC0 /* DiskImageCache.swift in Sources */,
				055061E91C023DB4009462D9 /* MatisseContext.swift in Sources */,
				05A7917A1C025D0900A65E7B /* ImageLoader.swift in Sources */,
				05DBCFF31C0B122B009C0CC0 /* NSString+MD5.m in Sources */,
				05DBCFE01C0A0563009C0CC0 /* DefaultImageRequestHandler.swift in Sources */,
				05B47A931C1C2C760042FE21 /* Matisse.swift in Sources */,
				05DBCFD81C09F565009C0CC0 /* ImageCache.swift in Sources */,
				05A791801C0273F500A65E7B /* ImageTransformation.swift in Sources */,
				05DBCFE41C0AD897009C0CC0 /* ImageRequestBuilder.swift in Sources */,
				05C34DDC1C04E79600E0AEC8 /* CoalescingTaskQueue.swift in Sources */,
				05DBCFE91C0AF6C5009C0CC0 /* DefaultImageLoader.swift in Sources */,
				055061E71C023D0D009462D9 /* ImageRequest.swift in Sources */,
				05B47A981C1C36660042FE21 /* ImageRequestTarget.swift in Sources */,
				05DBCFDB1C09F752009C0CC0 /* MemoryImageCache.swift in Sources */,
				05DBCFEB1C0AFDB1009C0CC0 /* MatisseErrors.swift in Sources */,
				05DBCFDE1C0A0420009C0CC0 /* ImageRequestHandler.swift in Sources */,
				05A791821C0274E900A65E7B /* ResizeTransformation.swift in Sources */,
			);
			runOnlyForDeploymentPostprocessing = 0;
		};
		05F50C381C022E2600859782 /* Sources */ = {
			isa = PBXSourcesBuildPhase;
			buildActionMask = 2147483647;
			files = (
				05C34DDF1C07140A00E0AEC8 /* CoalescingTaskQueueTests.swift in Sources */,
				05F50C421C022E2600859782 /* MatisseContextTests.swift in Sources */,
			);
			runOnlyForDeploymentPostprocessing = 0;
		};
		05F50C4C1C0230D500859782 /* Sources */ = {
			isa = PBXSourcesBuildPhase;
			buildActionMask = 2147483647;
			files = (
				05F50C551C0230D600859782 /* MainViewController.swift in Sources */,
				05F50C531C0230D600859782 /* AppDelegate.swift in Sources */,
				05A7916B1C02484D00A65E7B /* ImageCell.swift in Sources */,
			);
			runOnlyForDeploymentPostprocessing = 0;
		};
/* End PBXSourcesBuildPhase section */

/* Begin PBXTargetDependency section */
		05A791731C024C1F00A65E7B /* PBXTargetDependency */ = {
			isa = PBXTargetDependency;
			target = 05F50C311C022E2500859782 /* Matisse */;
			targetProxy = 05A791721C024C1F00A65E7B /* PBXContainerItemProxy */;
		};
		05F50C3F1C022E2600859782 /* PBXTargetDependency */ = {
			isa = PBXTargetDependency;
			target = 05F50C311C022E2500859782 /* Matisse */;
			targetProxy = 05F50C3E1C022E2600859782 /* PBXContainerItemProxy */;
		};
/* End PBXTargetDependency section */

/* Begin PBXVariantGroup section */
		05F50C561C0230D600859782 /* Main.storyboard */ = {
			isa = PBXVariantGroup;
			children = (
				05F50C571C0230D600859782 /* Base */,
			);
			name = Main.storyboard;
			sourceTree = "<group>";
		};
		05F50C5B1C0230D600859782 /* LaunchScreen.storyboard */ = {
			isa = PBXVariantGroup;
			children = (
				05F50C5C1C0230D600859782 /* Base */,
			);
			name = LaunchScreen.storyboard;
			sourceTree = "<group>";
		};
/* End PBXVariantGroup section */

/* Begin XCBuildConfiguration section */
		05F50C441C022E2600859782 /* Debug */ = {
			isa = XCBuildConfiguration;
			buildSettings = {
				ALWAYS_SEARCH_USER_PATHS = NO;
				CLANG_ANALYZER_SECURITY_FLOATLOOPCOUNTER = YES;
				CLANG_ANALYZER_SECURITY_INSECUREAPI_RAND = YES;
				CLANG_ANALYZER_SECURITY_INSECUREAPI_STRCPY = YES;
				CLANG_CXX_LANGUAGE_STANDARD = "gnu++0x";
				CLANG_CXX_LIBRARY = "libc++";
				CLANG_ENABLE_MODULES = YES;
				CLANG_ENABLE_OBJC_ARC = YES;
				CLANG_WARN_ASSIGN_ENUM = YES;
				CLANG_WARN_BLOCK_CAPTURE_AUTORELEASING = YES;
				CLANG_WARN_BOOL_CONVERSION = YES;
				CLANG_WARN_COMMA = YES;
				CLANG_WARN_CONSTANT_CONVERSION = YES;
				CLANG_WARN_DEPRECATED_OBJC_IMPLEMENTATIONS = YES;
				CLANG_WARN_DIRECT_OBJC_ISA_USAGE = YES_ERROR;
				CLANG_WARN_EMPTY_BODY = YES;
				CLANG_WARN_ENUM_CONVERSION = YES;
				CLANG_WARN_INFINITE_RECURSION = YES;
				CLANG_WARN_INT_CONVERSION = YES;
				CLANG_WARN_NON_LITERAL_NULL_CONVERSION = YES;
				CLANG_WARN_NULLABLE_TO_NONNULL_CONVERSION = YES;
				CLANG_WARN_OBJC_EXPLICIT_OWNERSHIP_TYPE = YES;
				CLANG_WARN_OBJC_IMPLICIT_ATOMIC_PROPERTIES = YES;
				CLANG_WARN_OBJC_IMPLICIT_RETAIN_SELF = YES;
				CLANG_WARN_OBJC_LITERAL_CONVERSION = YES;
				CLANG_WARN_OBJC_REPEATED_USE_OF_WEAK = YES;
				CLANG_WARN_OBJC_ROOT_CLASS = YES_ERROR;
				CLANG_WARN_RANGE_LOOP_ANALYSIS = YES;
				CLANG_WARN_STRICT_PROTOTYPES = YES;
				CLANG_WARN_SUSPICIOUS_MOVE = YES;
				CLANG_WARN_UNREACHABLE_CODE = YES;
				CLANG_WARN__DUPLICATE_METHOD_MATCH = YES;
				"CODE_SIGN_IDENTITY[sdk=iphoneos*]" = "iPhone Developer";
				COPY_PHASE_STRIP = NO;
				CURRENT_PROJECT_VERSION = 1;
				DEBUG_INFORMATION_FORMAT = dwarf;
				ENABLE_STRICT_OBJC_MSGSEND = YES;
				ENABLE_TESTABILITY = YES;
				GCC_C_LANGUAGE_STANDARD = gnu99;
				GCC_DYNAMIC_NO_PIC = NO;
				GCC_NO_COMMON_BLOCKS = YES;
				GCC_OPTIMIZATION_LEVEL = 0;
				GCC_PREPROCESSOR_DEFINITIONS = (
					"DEBUG=1",
					"$(inherited)",
				);
				GCC_WARN_64_TO_32_BIT_CONVERSION = YES;
				GCC_WARN_ABOUT_MISSING_NEWLINE = YES;
				GCC_WARN_ABOUT_RETURN_TYPE = YES_ERROR;
				GCC_WARN_INITIALIZER_NOT_FULLY_BRACKETED = YES;
				GCC_WARN_UNDECLARED_SELECTOR = YES;
				GCC_WARN_UNINITIALIZED_AUTOS = YES_AGGRESSIVE;
				GCC_WARN_UNUSED_FUNCTION = YES;
				GCC_WARN_UNUSED_VARIABLE = YES;
				IPHONEOS_DEPLOYMENT_TARGET = 9.1;
				MTL_ENABLE_DEBUG_INFO = YES;
				ONLY_ACTIVE_ARCH = YES;
				SDKROOT = iphoneos;
				SWIFT_OPTIMIZATION_LEVEL = "-Onone";
				TARGETED_DEVICE_FAMILY = "1,2";
				VERSIONING_SYSTEM = "apple-generic";
				VERSION_INFO_PREFIX = "";
			};
			name = Debug;
		};
		05F50C451C022E2600859782 /* Release */ = {
			isa = XCBuildConfiguration;
			buildSettings = {
				ALWAYS_SEARCH_USER_PATHS = NO;
				CLANG_ANALYZER_SECURITY_FLOATLOOPCOUNTER = YES;
				CLANG_ANALYZER_SECURITY_INSECUREAPI_RAND = YES;
				CLANG_ANALYZER_SECURITY_INSECUREAPI_STRCPY = YES;
				CLANG_CXX_LANGUAGE_STANDARD = "gnu++0x";
				CLANG_CXX_LIBRARY = "libc++";
				CLANG_ENABLE_MODULES = YES;
				CLANG_ENABLE_OBJC_ARC = YES;
				CLANG_WARN_ASSIGN_ENUM = YES;
				CLANG_WARN_BLOCK_CAPTURE_AUTORELEASING = YES;
				CLANG_WARN_BOOL_CONVERSION = YES;
				CLANG_WARN_COMMA = YES;
				CLANG_WARN_CONSTANT_CONVERSION = YES;
				CLANG_WARN_DEPRECATED_OBJC_IMPLEMENTATIONS = YES;
				CLANG_WARN_DIRECT_OBJC_ISA_USAGE = YES_ERROR;
				CLANG_WARN_EMPTY_BODY = YES;
				CLANG_WARN_ENUM_CONVERSION = YES;
				CLANG_WARN_INFINITE_RECURSION = YES;
				CLANG_WARN_INT_CONVERSION = YES;
				CLANG_WARN_NON_LITERAL_NULL_CONVERSION = YES;
				CLANG_WARN_NULLABLE_TO_NONNULL_CONVERSION = YES;
				CLANG_WARN_OBJC_EXPLICIT_OWNERSHIP_TYPE = YES;
				CLANG_WARN_OBJC_IMPLICIT_ATOMIC_PROPERTIES = YES;
				CLANG_WARN_OBJC_IMPLICIT_RETAIN_SELF = YES;
				CLANG_WARN_OBJC_LITERAL_CONVERSION = YES;
				CLANG_WARN_OBJC_REPEATED_USE_OF_WEAK = YES;
				CLANG_WARN_OBJC_ROOT_CLASS = YES_ERROR;
				CLANG_WARN_RANGE_LOOP_ANALYSIS = YES;
				CLANG_WARN_STRICT_PROTOTYPES = YES;
				CLANG_WARN_SUSPICIOUS_MOVE = YES;
				CLANG_WARN_UNREACHABLE_CODE = YES;
				CLANG_WARN__DUPLICATE_METHOD_MATCH = YES;
				"CODE_SIGN_IDENTITY[sdk=iphoneos*]" = "iPhone Developer";
				COPY_PHASE_STRIP = NO;
				CURRENT_PROJECT_VERSION = 1;
				DEBUG_INFORMATION_FORMAT = "dwarf-with-dsym";
				ENABLE_NS_ASSERTIONS = NO;
				ENABLE_STRICT_OBJC_MSGSEND = YES;
				GCC_C_LANGUAGE_STANDARD = gnu99;
				GCC_NO_COMMON_BLOCKS = YES;
				GCC_WARN_64_TO_32_BIT_CONVERSION = YES;
				GCC_WARN_ABOUT_MISSING_NEWLINE = YES;
				GCC_WARN_ABOUT_RETURN_TYPE = YES_ERROR;
				GCC_WARN_INITIALIZER_NOT_FULLY_BRACKETED = YES;
				GCC_WARN_UNDECLARED_SELECTOR = YES;
				GCC_WARN_UNINITIALIZED_AUTOS = YES_AGGRESSIVE;
				GCC_WARN_UNUSED_FUNCTION = YES;
				GCC_WARN_UNUSED_VARIABLE = YES;
				IPHONEOS_DEPLOYMENT_TARGET = 9.1;
				MTL_ENABLE_DEBUG_INFO = NO;
				SDKROOT = iphoneos;
				SWIFT_OPTIMIZATION_LEVEL = "-Owholemodule";
				TARGETED_DEVICE_FAMILY = "1,2";
				VALIDATE_PRODUCT = YES;
				VERSIONING_SYSTEM = "apple-generic";
				VERSION_INFO_PREFIX = "";
			};
			name = Release;
		};
		05F50C471C022E2600859782 /* Debug */ = {
			isa = XCBuildConfiguration;
			buildSettings = {
				APPLICATION_EXTENSION_API_ONLY = YES;
				CLANG_ENABLE_MODULES = YES;
				"CODE_SIGN_IDENTITY[sdk=iphoneos*]" = "";
				DEFINES_MODULE = YES;
				DYLIB_COMPATIBILITY_VERSION = 1;
				DYLIB_CURRENT_VERSION = 1;
				DYLIB_INSTALL_NAME_BASE = "@rpath";
				INFOPLIST_FILE = "$(SRCROOT)/Sources/Info.plist";
				INSTALL_PATH = "$(LOCAL_LIBRARY_DIR)/Frameworks";
				LD_RUNPATH_SEARCH_PATHS = "$(inherited) @executable_path/Frameworks @loader_path/Frameworks";
				PRODUCT_BUNDLE_IDENTIFIER = ch.konoma.matisse;
				PRODUCT_NAME = "$(TARGET_NAME)";
				SKIP_INSTALL = YES;
				SWIFT_OPTIMIZATION_LEVEL = "-Onone";
				SWIFT_VERSION = 4.2;
			};
			name = Debug;
		};
		05F50C481C022E2600859782 /* Release */ = {
			isa = XCBuildConfiguration;
			buildSettings = {
				APPLICATION_EXTENSION_API_ONLY = YES;
				CLANG_ENABLE_MODULES = YES;
				"CODE_SIGN_IDENTITY[sdk=iphoneos*]" = "";
				DEFINES_MODULE = YES;
				DYLIB_COMPATIBILITY_VERSION = 1;
				DYLIB_CURRENT_VERSION = 1;
				DYLIB_INSTALL_NAME_BASE = "@rpath";
				INFOPLIST_FILE = "$(SRCROOT)/Sources/Info.plist";
				INSTALL_PATH = "$(LOCAL_LIBRARY_DIR)/Frameworks";
				LD_RUNPATH_SEARCH_PATHS = "$(inherited) @executable_path/Frameworks @loader_path/Frameworks";
				PRODUCT_BUNDLE_IDENTIFIER = ch.konoma.matisse;
				PRODUCT_NAME = "$(TARGET_NAME)";
				SKIP_INSTALL = YES;
				SWIFT_VERSION = 4.2;
			};
			name = Release;
		};
		05F50C4A1C022E2600859782 /* Debug */ = {
			isa = XCBuildConfiguration;
			buildSettings = {
				FRAMEWORK_SEARCH_PATHS = (
					"$(inherited)",
					"$(PROJECT_DIR)/Carthage/Build/iOS",
				);
				INFOPLIST_FILE = "$(SRCROOT)/UnitTests/Info.plist";
				LD_RUNPATH_SEARCH_PATHS = "$(inherited) @executable_path/Frameworks @loader_path/Frameworks";
				PRODUCT_BUNDLE_IDENTIFIER = "ch.konoma.matisse-tests";
				PRODUCT_NAME = "$(TARGET_NAME)";
				SWIFT_VERSION = 4.2;
			};
			name = Debug;
		};
		05F50C4B1C022E2600859782 /* Release */ = {
			isa = XCBuildConfiguration;
			buildSettings = {
				FRAMEWORK_SEARCH_PATHS = (
					"$(inherited)",
					"$(PROJECT_DIR)/Carthage/Build/iOS",
				);
				INFOPLIST_FILE = "$(SRCROOT)/UnitTests/Info.plist";
				LD_RUNPATH_SEARCH_PATHS = "$(inherited) @executable_path/Frameworks @loader_path/Frameworks";
				PRODUCT_BUNDLE_IDENTIFIER = "ch.konoma.matisse-tests";
				PRODUCT_NAME = "$(TARGET_NAME)";
				SWIFT_VERSION = 4.2;
			};
			name = Release;
		};
		05F50C601C0230D600859782 /* Debug */ = {
			isa = XCBuildConfiguration;
			buildSettings = {
				ASSETCATALOG_COMPILER_APPICON_NAME = AppIcon;
				CLANG_ENABLE_MODULES = YES;
				FRAMEWORK_SEARCH_PATHS = (
					"$(inherited)",
					"$(PROJECT_DIR)/Carthage/Build/iOS",
				);
				INFOPLIST_FILE = "$(SRCROOT)/SampleApp/Info.plist";
				LD_RUNPATH_SEARCH_PATHS = "$(inherited) @executable_path/Frameworks";
				PRODUCT_BUNDLE_IDENTIFIER = "ch.konoma.matisse-sample-app";
				PRODUCT_NAME = "Matisse Sample";
				SWIFT_OPTIMIZATION_LEVEL = "-Onone";
				SWIFT_VERSION = 4.2;
			};
			name = Debug;
		};
		05F50C611C0230D600859782 /* Release */ = {
			isa = XCBuildConfiguration;
			buildSettings = {
				ASSETCATALOG_COMPILER_APPICON_NAME = AppIcon;
				CLANG_ENABLE_MODULES = YES;
				FRAMEWORK_SEARCH_PATHS = (
					"$(inherited)",
					"$(PROJECT_DIR)/Carthage/Build/iOS",
				);
				INFOPLIST_FILE = "$(SRCROOT)/SampleApp/Info.plist";
				LD_RUNPATH_SEARCH_PATHS = "$(inherited) @executable_path/Frameworks";
				PRODUCT_BUNDLE_IDENTIFIER = "ch.konoma.matisse-sample-app";
				PRODUCT_NAME = "Matisse Sample";
				SWIFT_VERSION = 4.2;
			};
			name = Release;
		};
/* End XCBuildConfiguration section */

/* Begin XCConfigurationList section */
		05F50C2C1C022E2500859782 /* Build configuration list for PBXProject "Matisse" */ = {
			isa = XCConfigurationList;
			buildConfigurations = (
				05F50C441C022E2600859782 /* Debug */,
				05F50C451C022E2600859782 /* Release */,
			);
			defaultConfigurationIsVisible = 0;
			defaultConfigurationName = Release;
		};
		05F50C461C022E2600859782 /* Build configuration list for PBXNativeTarget "Matisse" */ = {
			isa = XCConfigurationList;
			buildConfigurations = (
				05F50C471C022E2600859782 /* Debug */,
				05F50C481C022E2600859782 /* Release */,
			);
			defaultConfigurationIsVisible = 0;
			defaultConfigurationName = Release;
		};
		05F50C491C022E2600859782 /* Build configuration list for PBXNativeTarget "UnitTests" */ = {
			isa = XCConfigurationList;
			buildConfigurations = (
				05F50C4A1C022E2600859782 /* Debug */,
				05F50C4B1C022E2600859782 /* Release */,
			);
			defaultConfigurationIsVisible = 0;
			defaultConfigurationName = Release;
		};
		05F50C5F1C0230D600859782 /* Build configuration list for PBXNativeTarget "SampleApp" */ = {
			isa = XCConfigurationList;
			buildConfigurations = (
				05F50C601C0230D600859782 /* Debug */,
				05F50C611C0230D600859782 /* Release */,
			);
			defaultConfigurationIsVisible = 0;
			defaultConfigurationName = Release;
		};
/* End XCConfigurationList section */
	};
	rootObject = 05F50C291C022E2500859782 /* Project object */;
}
